// !$*UTF8*$!
{
	archiveVersion = 1;
	classes = {
	};
	objectVersion = 50;
	objects = {

/* Begin PBXBuildFile section */
		055696DA26C83F256983F8BD /* Pods_BMITrackingApp.framework in Frameworks */ = {isa = PBXBuildFile; fileRef = 38499E0EE7F56C15BFC0AE72 /* Pods_BMITrackingApp.framework */; };
		C3145F4E23A1B5AA00CB8736 /* AppDelegate.swift in Sources */ = {isa = PBXBuildFile; fileRef = C3145F4D23A1B5AA00CB8736 /* AppDelegate.swift */; };
		C3145F5023A1B5AA00CB8736 /* SceneDelegate.swift in Sources */ = {isa = PBXBuildFile; fileRef = C3145F4F23A1B5AA00CB8736 /* SceneDelegate.swift */; };
		C3145F5223A1B5AA00CB8736 /* ViewController.swift in Sources */ = {isa = PBXBuildFile; fileRef = C3145F5123A1B5AA00CB8736 /* ViewController.swift */; };
		C3145F5523A1B5AA00CB8736 /* Main.storyboard in Resources */ = {isa = PBXBuildFile; fileRef = C3145F5323A1B5AA00CB8736 /* Main.storyboard */; };
		C3145F5723A1B5AB00CB8736 /* Assets.xcassets in Resources */ = {isa = PBXBuildFile; fileRef = C3145F5623A1B5AB00CB8736 /* Assets.xcassets */; };
		C3145F5A23A1B5AB00CB8736 /* LaunchScreen.storyboard in Resources */ = {isa = PBXBuildFile; fileRef = C3145F5823A1B5AB00CB8736 /* LaunchScreen.storyboard */; };
		C3553F6223A1C38800C5FC6D /* CalculatorController.swift in Sources */ = {isa = PBXBuildFile; fileRef = C3553F6123A1C38800C5FC6D /* CalculatorController.swift */; };
		C3E29AF023A3216600C2A35E /* GoogleService-Info.plist in Resources */ = {isa = PBXBuildFile; fileRef = C3E29AEF23A3216600C2A35E /* GoogleService-Info.plist */; };
/* End PBXBuildFile section */

/* Begin PBXFileReference section */
		07DA48462568562FC753BD29 /* Pods-BMITrackingApp.debug.xcconfig */ = {isa = PBXFileReference; includeInIndex = 1; lastKnownFileType = text.xcconfig; name = "Pods-BMITrackingApp.debug.xcconfig"; path = "Target Support Files/Pods-BMITrackingApp/Pods-BMITrackingApp.debug.xcconfig"; sourceTree = "<group>"; };
		1C34CF6ADC0F9B211A924D40 /* Pods-BMITrackingApp.release.xcconfig */ = {isa = PBXFileReference; includeInIndex = 1; lastKnownFileType = text.xcconfig; name = "Pods-BMITrackingApp.release.xcconfig"; path = "Target Support Files/Pods-BMITrackingApp/Pods-BMITrackingApp.release.xcconfig"; sourceTree = "<group>"; };
		38499E0EE7F56C15BFC0AE72 /* Pods_BMITrackingApp.framework */ = {isa = PBXFileReference; explicitFileType = wrapper.framework; includeInIndex = 0; path = Pods_BMITrackingApp.framework; sourceTree = BUILT_PRODUCTS_DIR; };
		C3145F4A23A1B5AA00CB8736 /* BMITrackingApp.app */ = {isa = PBXFileReference; explicitFileType = wrapper.application; includeInIndex = 0; path = BMITrackingApp.app; sourceTree = BUILT_PRODUCTS_DIR; };
		C3145F4D23A1B5AA00CB8736 /* AppDelegate.swift */ = {isa = PBXFileReference; lastKnownFileType = sourcecode.swift; path = AppDelegate.swift; sourceTree = "<group>"; };
		C3145F4F23A1B5AA00CB8736 /* SceneDelegate.swift */ = {isa = PBXFileReference; lastKnownFileType = sourcecode.swift; path = SceneDelegate.swift; sourceTree = "<group>"; };
		C3145F5123A1B5AA00CB8736 /* ViewController.swift */ = {isa = PBXFileReference; lastKnownFileType = sourcecode.swift; path = ViewController.swift; sourceTree = "<group>"; };
		C3145F5423A1B5AA00CB8736 /* Base */ = {isa = PBXFileReference; lastKnownFileType = file.storyboard; name = Base; path = Base.lproj/Main.storyboard; sourceTree = "<group>"; };
		C3145F5623A1B5AB00CB8736 /* Assets.xcassets */ = {isa = PBXFileReference; lastKnownFileType = folder.assetcatalog; path = Assets.xcassets; sourceTree = "<group>"; };
		C3145F5923A1B5AB00CB8736 /* Base */ = {isa = PBXFileReference; lastKnownFileType = file.storyboard; name = Base; path = Base.lproj/LaunchScreen.storyboard; sourceTree = "<group>"; };
		C3145F5B23A1B5AB00CB8736 /* Info.plist */ = {isa = PBXFileReference; lastKnownFileType = text.plist.xml; path = Info.plist; sourceTree = "<group>"; };
		C3553F6123A1C38800C5FC6D /* CalculatorController.swift */ = {isa = PBXFileReference; lastKnownFileType = sourcecode.swift; path = CalculatorController.swift; sourceTree = "<group>"; };
		C3E29AEF23A3216600C2A35E /* GoogleService-Info.plist */ = {isa = PBXFileReference; fileEncoding = 4; lastKnownFileType = text.plist.xml; name = "GoogleService-Info.plist"; path = "../../../../Downloads/GoogleService-Info.plist"; sourceTree = "<group>"; };
/* End PBXFileReference section */

/* Begin PBXFrameworksBuildPhase section */
		C3145F4723A1B5AA00CB8736 /* Frameworks */ = {
			isa = PBXFrameworksBuildPhase;
			buildActionMask = 2147483647;
			files = (
				055696DA26C83F256983F8BD /* Pods_BMITrackingApp.framework in Frameworks */,
			);
			runOnlyForDeploymentPostprocessing = 0;
		};
/* End PBXFrameworksBuildPhase section */

/* Begin PBXGroup section */
		AE9FCDBB2ACD1581ACC69E7B /* Pods */ = {
			isa = PBXGroup;
			children = (
				07DA48462568562FC753BD29 /* Pods-BMITrackingApp.debug.xcconfig */,
				1C34CF6ADC0F9B211A924D40 /* Pods-BMITrackingApp.release.xcconfig */,
			);
			path = Pods;
			sourceTree = "<group>";
		};
		C3145F4123A1B5AA00CB8736 = {
			isa = PBXGroup;
			children = (
				C3145F4C23A1B5AA00CB8736 /* BMITrackingApp */,
				C3145F4B23A1B5AA00CB8736 /* Products */,
				AE9FCDBB2ACD1581ACC69E7B /* Pods */,
				FFD0752ACEE0870F5A49A923 /* Frameworks */,
			);
			sourceTree = "<group>";
		};
		C3145F4B23A1B5AA00CB8736 /* Products */ = {
			isa = PBXGroup;
			children = (
				C3145F4A23A1B5AA00CB8736 /* BMITrackingApp.app */,
			);
			name = Products;
			sourceTree = "<group>";
		};
		C3145F4C23A1B5AA00CB8736 /* BMITrackingApp */ = {
			isa = PBXGroup;
			children = (
				C3145F4D23A1B5AA00CB8736 /* AppDelegate.swift */,
				C3553F6123A1C38800C5FC6D /* CalculatorController.swift */,
				C3145F4F23A1B5AA00CB8736 /* SceneDelegate.swift */,
				C3E29AEF23A3216600C2A35E /* GoogleService-Info.plist */,
				C3145F5123A1B5AA00CB8736 /* ViewController.swift */,
				C3145F5323A1B5AA00CB8736 /* Main.storyboard */,
				C3145F5623A1B5AB00CB8736 /* Assets.xcassets */,
				C3145F5823A1B5AB00CB8736 /* LaunchScreen.storyboard */,
				C3145F5B23A1B5AB00CB8736 /* Info.plist */,
			);
			path = BMITrackingApp;
			sourceTree = "<group>";
		};
		FFD0752ACEE0870F5A49A923 /* Frameworks */ = {
			isa = PBXGroup;
			children = (
				38499E0EE7F56C15BFC0AE72 /* Pods_BMITrackingApp.framework */,
			);
			name = Frameworks;
			sourceTree = "<group>";
		};
/* End PBXGroup section */

/* Begin PBXNativeTarget section */
		C3145F4923A1B5AA00CB8736 /* BMITrackingApp */ = {
			isa = PBXNativeTarget;
			buildConfigurationList = C3145F5E23A1B5AB00CB8736 /* Build configuration list for PBXNativeTarget "BMITrackingApp" */;
			buildPhases = (
				308D5ECEF407537488B89F7B /* [CP] Check Pods Manifest.lock */,
				C3145F4623A1B5AA00CB8736 /* Sources */,
				C3145F4723A1B5AA00CB8736 /* Frameworks */,
				C3145F4823A1B5AA00CB8736 /* Resources */,
				470090C6C143ED9F950ABC90 /* [CP] Embed Pods Frameworks */,
			);
			buildRules = (
			);
			dependencies = (
			);
			name = BMITrackingApp;
			productName = BMITrackingApp;
			productReference = C3145F4A23A1B5AA00CB8736 /* BMITrackingApp.app */;
			productType = "com.apple.product-type.application";
		};
/* End PBXNativeTarget section */

/* Begin PBXProject section */
		C3145F4223A1B5AA00CB8736 /* Project object */ = {
			isa = PBXProject;
			attributes = {
				LastSwiftUpdateCheck = 1120;
				LastUpgradeCheck = 1120;
				ORGANIZATIONNAME = centennialcollege;
				TargetAttributes = {
					C3145F4923A1B5AA00CB8736 = {
						CreatedOnToolsVersion = 11.2.1;
					};
				};
			};
			buildConfigurationList = C3145F4523A1B5AA00CB8736 /* Build configuration list for PBXProject "BMITrackingApp" */;
			compatibilityVersion = "Xcode 9.3";
			developmentRegion = en;
			hasScannedForEncodings = 0;
			knownRegions = (
				en,
				Base,
			);
			mainGroup = C3145F4123A1B5AA00CB8736;
			productRefGroup = C3145F4B23A1B5AA00CB8736 /* Products */;
			projectDirPath = "";
			projectRoot = "";
			targets = (
				C3145F4923A1B5AA00CB8736 /* BMITrackingApp */,
			);
		};
/* End PBXProject section */

/* Begin PBXResourcesBuildPhase section */
		C3145F4823A1B5AA00CB8736 /* Resources */ = {
			isa = PBXResourcesBuildPhase;
			buildActionMask = 2147483647;
			files = (
				C3145F5A23A1B5AB00CB8736 /* LaunchScreen.storyboard in Resources */,
				C3E29AF023A3216600C2A35E /* GoogleService-Info.plist in Resources */,
				C3145F5723A1B5AB00CB8736 /* Assets.xcassets in Resources */,
				C3145F5523A1B5AA00CB8736 /* Main.storyboard in Resources */,
			);
			runOnlyForDeploymentPostprocessing = 0;
		};
/* End PBXResourcesBuildPhase section */

/* Begin PBXShellScriptBuildPhase section */
		308D5ECEF407537488B89F7B /* [CP] Check Pods Manifest.lock */ = {
			isa = PBXShellScriptBuildPhase;
			buildActionMask = 2147483647;
			files = (
			);
			inputFileListPaths = (
			);
			inputPaths = (
				"${PODS_PODFILE_DIR_PATH}/Podfile.lock",
				"${PODS_ROOT}/Manifest.lock",
			);
			name = "[CP] Check Pods Manifest.lock";
			outputFileListPaths = (
			);
			outputPaths = (
				"$(DERIVED_FILE_DIR)/Pods-BMITrackingApp-checkManifestLockResult.txt",
			);
			runOnlyForDeploymentPostprocessing = 0;
			shellPath = /bin/sh;
			shellScript = "diff \"${PODS_PODFILE_DIR_PATH}/Podfile.lock\" \"${PODS_ROOT}/Manifest.lock\" > /dev/null\nif [ $? != 0 ] ; then\n    # print error to STDERR\n    echo \"error: The sandbox is not in sync with the Podfile.lock. Run 'pod install' or update your CocoaPods installation.\" >&2\n    exit 1\nfi\n# This output is used by Xcode 'outputs' to avoid re-running this script phase.\necho \"SUCCESS\" > \"${SCRIPT_OUTPUT_FILE_0}\"\n";
			showEnvVarsInLog = 0;
		};
		470090C6C143ED9F950ABC90 /* [CP] Embed Pods Frameworks */ = {
			isa = PBXShellScriptBuildPhase;
			buildActionMask = 2147483647;
			files = (
			);
			inputFileListPaths = (
				"${PODS_ROOT}/Target Support Files/Pods-BMITrackingApp/Pods-BMITrackingApp-frameworks-${CONFIGURATION}-input-files.xcfilelist",
			);
			name = "[CP] Embed Pods Frameworks";
			outputFileListPaths = (
				"${PODS_ROOT}/Target Support Files/Pods-BMITrackingApp/Pods-BMITrackingApp-frameworks-${CONFIGURATION}-output-files.xcfilelist",
			);
			runOnlyForDeploymentPostprocessing = 0;
			shellPath = /bin/sh;
			shellScript = "\"${PODS_ROOT}/Target Support Files/Pods-BMITrackingApp/Pods-BMITrackingApp-frameworks.sh\"\n";
			showEnvVarsInLog = 0;
		};
/* End PBXShellScriptBuildPhase section */

/* Begin PBXSourcesBuildPhase section */
		C3145F4623A1B5AA00CB8736 /* Sources */ = {
			isa = PBXSourcesBuildPhase;
			buildActionMask = 2147483647;
			files = (
				C3145F5223A1B5AA00CB8736 /* ViewController.swift in Sources */,
				C3553F6223A1C38800C5FC6D /* CalculatorController.swift in Sources */,
				C3145F4E23A1B5AA00CB8736 /* AppDelegate.swift in Sources */,
				C3145F5023A1B5AA00CB8736 /* SceneDelegate.swift in Sources */,
			);
			runOnlyForDeploymentPostprocessing = 0;
		};
/* End PBXSourcesBuildPhase section */

/* Begin PBXVariantGroup section */
		C3145F5323A1B5AA00CB8736 /* Main.storyboard */ = {
			isa = PBXVariantGroup;
			children = (
				C3145F5423A1B5AA00CB8736 /* Base */,
			);
			name = Main.storyboard;
			sourceTree = "<group>";
		};
		C3145F5823A1B5AB00CB8736 /* LaunchScreen.storyboard */ = {
			isa = PBXVariantGroup;
			children = (
				C3145F5923A1B5AB00CB8736 /* Base */,
			);
			name = LaunchScreen.storyboard;
			sourceTree = "<group>";
		};
/* End PBXVariantGroup section */

/* Begin XCBuildConfiguration section */
		C3145F5C23A1B5AB00CB8736 /* Debug */ = {
			isa = XCBuildConfiguration;
			buildSettings = {
				ALWAYS_SEARCH_USER_PATHS = NO;
				CLANG_ANALYZER_NONNULL = YES;
				CLANG_ANALYZER_NUMBER_OBJECT_CONVERSION = YES_AGGRESSIVE;
				CLANG_CXX_LANGUAGE_STANDARD = "gnu++14";
				CLANG_CXX_LIBRARY = "libc++";
				CLANG_ENABLE_MODULES = YES;
				CLANG_ENABLE_OBJC_ARC = YES;
				CLANG_ENABLE_OBJC_WEAK = YES;
				CLANG_WARN_BLOCK_CAPTURE_AUTORELEASING = YES;
				CLANG_WARN_BOOL_CONVERSION = YES;
				CLANG_WARN_COMMA = YES;
				CLANG_WARN_CONSTANT_CONVERSION = YES;
				CLANG_WARN_DEPRECATED_OBJC_IMPLEMENTATIONS = YES;
				CLANG_WARN_DIRECT_OBJC_ISA_USAGE = YES_ERROR;
				CLANG_WARN_DOCUMENTATION_COMMENTS = YES;
				CLANG_WARN_EMPTY_BODY = YES;
				CLANG_WARN_ENUM_CONVERSION = YES;
				CLANG_WARN_INFINITE_RECURSION = YES;
				CLANG_WARN_INT_CONVERSION = YES;
				CLANG_WARN_NON_LITERAL_NULL_CONVERSION = YES;
				CLANG_WARN_OBJC_IMPLICIT_RETAIN_SELF = YES;
				CLANG_WARN_OBJC_LITERAL_CONVERSION = YES;
				CLANG_WARN_OBJC_ROOT_CLASS = YES_ERROR;
				CLANG_WARN_RANGE_LOOP_ANALYSIS = YES;
				CLANG_WARN_STRICT_PROTOTYPES = YES;
				CLANG_WARN_SUSPICIOUS_MOVE = YES;
				CLANG_WARN_UNGUARDED_AVAILABILITY = YES_AGGRESSIVE;
				CLANG_WARN_UNREACHABLE_CODE = YES;
				CLANG_WARN__DUPLICATE_METHOD_MATCH = YES;
				COPY_PHASE_STRIP = NO;
				DEBUG_INFORMATION_FORMAT = dwarf;
				ENABLE_STRICT_OBJC_MSGSEND = YES;
				ENABLE_TESTABILITY = YES;
				GCC_C_LANGUAGE_STANDARD = gnu11;
				GCC_DYNAMIC_NO_PIC = NO;
				GCC_NO_COMMON_BLOCKS = YES;
				GCC_OPTIMIZATION_LEVEL = 0;
				GCC_PREPROCESSOR_DEFINITIONS = (
					"DEBUG=1",
					"$(inherited)",
				);
				GCC_WARN_64_TO_32_BIT_CONVERSION = YES;
				GCC_WARN_ABOUT_RETURN_TYPE = YES_ERROR;
				GCC_WARN_UNDECLARED_SELECTOR = YES;
				GCC_WARN_UNINITIALIZED_AUTOS = YES_AGGRESSIVE;
				GCC_WARN_UNUSED_FUNCTION = YES;
				GCC_WARN_UNUSED_VARIABLE = YES;
				IPHONEOS_DEPLOYMENT_TARGET = 13.2;
				MTL_ENABLE_DEBUG_INFO = INCLUDE_SOURCE;
				MTL_FAST_MATH = YES;
				ONLY_ACTIVE_ARCH = YES;
				SDKROOT = iphoneos;
				SWIFT_ACTIVE_COMPILATION_CONDITIONS = DEBUG;
				SWIFT_OPTIMIZATION_LEVEL = "-Onone";
			};
			name = Debug;
		};
		C3145F5D23A1B5AB00CB8736 /* Release */ = {
			isa = XCBuildConfiguration;
			buildSettings = {
				ALWAYS_SEARCH_USER_PATHS = NO;
				CLANG_ANALYZER_NONNULL = YES;
				CLANG_ANALYZER_NUMBER_OBJECT_CONVERSION = YES_AGGRESSIVE;
				CLANG_CXX_LANGUAGE_STANDARD = "gnu++14";
				CLANG_CXX_LIBRARY = "libc++";
				CLANG_ENABLE_MODULES = YES;
				CLANG_ENABLE_OBJC_ARC = YES;
				CLANG_ENABLE_OBJC_WEAK = YES;
				CLANG_WARN_BLOCK_CAPTURE_AUTORELEASING = YES;
				CLANG_WARN_BOOL_CONVERSION = YES;
				CLANG_WARN_COMMA = YES;
				CLANG_WARN_CONSTANT_CONVERSION = YES;
				CLANG_WARN_DEPRECATED_OBJC_IMPLEMENTATIONS = YES;
				CLANG_WARN_DIRECT_OBJC_ISA_USAGE = YES_ERROR;
				CLANG_WARN_DOCUMENTATION_COMMENTS = YES;
				CLANG_WARN_EMPTY_BODY = YES;
				CLANG_WARN_ENUM_CONVERSION = YES;
				CLANG_WARN_INFINITE_RECURSION = YES;
				CLANG_WARN_INT_CONVERSION = YES;
				CLANG_WARN_NON_LITERAL_NULL_CONVERSION = YES;
				CLANG_WARN_OBJC_IMPLICIT_RETAIN_SELF = YES;
				CLANG_WARN_OBJC_LITERAL_CONVERSION = YES;
				CLANG_WARN_OBJC_ROOT_CLASS = YES_ERROR;
				CLANG_WARN_RANGE_LOOP_ANALYSIS = YES;
				CLANG_WARN_STRICT_PROTOTYPES = YES;
				CLANG_WARN_SUSPICIOUS_MOVE = YES;
				CLANG_WARN_UNGUARDED_AVAILABILITY = YES_AGGRESSIVE;
				CLANG_WARN_UNREACHABLE_CODE = YES;
				CLANG_WARN__DUPLICATE_METHOD_MATCH = YES;
				COPY_PHASE_STRIP = NO;
				DEBUG_INFORMATION_FORMAT = "dwarf-with-dsym";
				ENABLE_NS_ASSERTIONS = NO;
				ENABLE_STRICT_OBJC_MSGSEND = YES;
				GCC_C_LANGUAGE_STANDARD = gnu11;
				GCC_NO_COMMON_BLOCKS = YES;
				GCC_WARN_64_TO_32_BIT_CONVERSION = YES;
				GCC_WARN_ABOUT_RETURN_TYPE = YES_ERROR;
				GCC_WARN_UNDECLARED_SELECTOR = YES;
				GCC_WARN_UNINITIALIZED_AUTOS = YES_AGGRESSIVE;
				GCC_WARN_UNUSED_FUNCTION = YES;
				GCC_WARN_UNUSED_VARIABLE = YES;
				IPHONEOS_DEPLOYMENT_TARGET = 13.2;
				MTL_ENABLE_DEBUG_INFO = NO;
				MTL_FAST_MATH = YES;
				SDKROOT = iphoneos;
				SWIFT_COMPILATION_MODE = wholemodule;
				SWIFT_OPTIMIZATION_LEVEL = "-O";
				VALIDATE_PRODUCT = YES;
			};
			name = Release;
		};
		C3145F5F23A1B5AB00CB8736 /* Debug */ = {
			isa = XCBuildConfiguration;
			baseConfigurationReference = 07DA48462568562FC753BD29 /* Pods-BMITrackingApp.debug.xcconfig */;
			buildSettings = {
				ASSETCATALOG_COMPILER_APPICON_NAME = AppIcon;
				CODE_SIGN_STYLE = Automatic;
				DEVELOPMENT_TEAM = 2BULHRS882;
				INFOPLIST_FILE = BMITrackingApp/Info.plist;
				LD_RUNPATH_SEARCH_PATHS = (
					"$(inherited)",
					"@executable_path/Frameworks",
				);
				PRODUCT_BUNDLE_IDENTIFIER = com.centennialcollege.BMITrackingApp;
				PRODUCT_NAME = "$(TARGET_NAME)";
				SWIFT_VERSION = 5.0;
				TARGETED_DEVICE_FAMILY = "1,2";
			};
			name = Debug;
		};
		C3145F6023A1B5AB00CB8736 /* Release */ = {
			isa = XCBuildConfiguration;
			baseConfigurationReference = 1C34CF6ADC0F9B211A924D40 /* Pods-BMITrackingApp.release.xcconfig */;
			buildSettings = {
				ASSETCATALOG_COMPILER_APPICON_NAME = AppIcon;
				CODE_SIGN_STYLE = Automatic;
				DEVELOPMENT_TEAM = 2BULHRS882;
				INFOPLIST_FILE = BMITrackingApp/Info.plist;
				LD_RUNPATH_SEARCH_PATHS = (
					"$(inherited)",
					"@executable_path/Frameworks",
				);
				PRODUCT_BUNDLE_IDENTIFIER = com.centennialcollege.BMITrackingApp;
				PRODUCT_NAME = "$(TARGET_NAME)";
				SWIFT_VERSION = 5.0;
				TARGETED_DEVICE_FAMILY = "1,2";
			};
			name = Release;
		};
/* End XCBuildConfiguration section */

/* Begin XCConfigurationList section */
		C3145F4523A1B5AA00CB8736 /* Build configuration list for PBXProject "BMITrackingApp" */ = {
			isa = XCConfigurationList;
			buildConfigurations = (
				C3145F5C23A1B5AB00CB8736 /* Debug */,
				C3145F5D23A1B5AB00CB8736 /* Release */,
			);
			defaultConfigurationIsVisible = 0;
			defaultConfigurationName = Release;
		};
		C3145F5E23A1B5AB00CB8736 /* Build configuration list for PBXNativeTarget "BMITrackingApp" */ = {
			isa = XCConfigurationList;
			buildConfigurations = (
				C3145F5F23A1B5AB00CB8736 /* Debug */,
				C3145F6023A1B5AB00CB8736 /* Release */,
			);
			defaultConfigurationIsVisible = 0;
			defaultConfigurationName = Release;
		};
/* End XCConfigurationList section */
	};
	rootObject = C3145F4223A1B5AA00CB8736 /* Project object */;
}
